{
  "name": "vivid-life-xfce",
  "version": "0.1.0",
  "lockfileVersion": 3,
  "requires": true,
  "packages": {
    "": {
      "name": "vivid-life-xfce",
      "version": "0.1.0",
      "license": "MIT",
      "dependencies": {
        "@vivid-life-theme/design-system": "0.8.0"
      },
      "engines": {
        "node": ">=20"
      }
    },
    "node_modules/@vivid-life-theme/design-system": {
      "version": "0.8.0",
      "resolved": "https://registry.npmjs.org/@vivid-life-theme/design-system/-/design-system-0.8.0.tgz",
      "integrity": "sha512-lGdKK/ZnR4Ks+0x723DmFBnZsioDlquStv6XYbwoQLkpYhzXtoTvTmJPwtLdvXri4U55hEJI+qqaYPjcv/rBFw==",
      "license": "MIT",
      "engines": {
        "node": ">=18"
      }
    }
  }
}
